
Microsoft Visual Studio Solution File, Format Version 12.00
# Visual Studio Version 17
VisualStudioVersion = 17.11.35312.102
MinimumVisualStudioVersion = 10.0.40219.1
Project("{FAE04EC0-301F-11D3-BF4B-00C04F79EFBC}") = "TicTacToe", "TicTacToe\TicTacToe.csproj", "{7D275ECA-5B17-4F9C-A5FD-91C9A2F39907}"
EndProject
Global
	GlobalSection(SolutionConfigurationPlatforms) = preSolution
		Debug|Any CPU = Debug|Any CPU
		Release|Any CPU = Release|Any CPU
	EndGlobalSection
	GlobalSection(ProjectConfigurationPlatforms) = postSolution
		{7D275ECA-5B17-4F9C-A5FD-91C9A2F39907}.Debug|Any CPU.ActiveCfg = Debug|Any CPU
		{7D275ECA-5B17-4F9C-A5FD-91C9A2F39907}.Debug|Any CPU.Build.0 = Debug|Any CPU
		{7D275ECA-5B17-4F9C-A5FD-91C9A2F39907}.Release|Any CPU.ActiveCfg = Release|Any CPU
		{7D275ECA-5B17-4F9C-A5FD-91C9A2F39907}.Release|Any CPU.Build.0 = Release|Any CPU
	EndGlobalSection
	GlobalSection(SolutionProperties) = preSolution
		HideSolutionNode = FALSE
	EndGlobalSection
	GlobalSection(ExtensibilityGlobals) = postSolution
		SolutionGuid = {EAB0D538-EE06-4469-886B-9F1F1CB7D361}
	EndGlobalSection
EndGlobal
